
Microsoft Visual Studio Solution File, Format Version 12.00
# Visual Studio Version 18
VisualStudioVersion = 18.3.11520.95
MinimumVisualStudioVersion = 10.0.40219.1
Project("{9A19103F-16F7-4668-BE54-9A1E7A4F7556}") = "Vinva.Gastronomy.Recipes.Domain", "src\Recipes\Vinva.Gastronomy.Recipes.Domain\Vinva.Gastronomy.Recipes.Domain.csproj", "{A58DB1A0-659A-41B8-BB40-B05EADDC2D72}"
EndProject
Project("{2150E333-8FDC-42A3-9474-1A3956D46DE8}") = "Common", "Common", "{36D591C7-65C7-A0D1-1CBC-10CDE441BDC8}"
EndProject
Project("{2150E333-8FDC-42A3-9474-1A3956D46DE8}") = "Recipes", "Recipes", "{2445C71D-B6B2-4B63-854B-641F2E2E78CE}"
EndProject
Project("{2150E333-8FDC-42A3-9474-1A3956D46DE8}") = "Identity", "Identity", "{079DD670-38EE-44DD-9DDB-C99379CF1AF7}"
EndProject
Project("{9A19103F-16F7-4668-BE54-9A1E7A4F7556}") = "Vinva.Gastronomy.Common", "src\Common\Vinva.Gastronomy.Common\Vinva.Gastronomy.Common.csproj", "{0AD5FC22-C8B4-491D-9E7A-1F24BA9F5AEF}"
EndProject
Project("{9A19103F-16F7-4668-BE54-9A1E7A4F7556}") = "Vinva.Gastronomy.Recipes.Persistence", "src\Recipes\Vinva.Gastronomy.Recipes.Persistence\Vinva.Gastronomy.Recipes.Persistence.csproj", "{8A99A16A-6B15-4972-9466-88F83F2C679F}"
EndProject
Project("{9A19103F-16F7-4668-BE54-9A1E7A4F7556}") = "Vinva.Gastronomy.Recipes.Tests", "src\Recipes\Vinva.Gastronomy.Recipes.Tests\Vinva.Gastronomy.Recipes.Tests.csproj", "{83C000C0-A390-4568-A0BC-ED4A167C97B2}"
EndProject
Project("{9A19103F-16F7-4668-BE54-9A1E7A4F7556}") = "Vinva.Gastronomy.Recipes.Application", "src\Recipes\Vinva.Gastronomy.Recipes.Application\Vinva.Gastronomy.Recipes.Application.csproj", "{69B6AC2E-CBED-4372-9A07-34A5ABFDC8C1}"
EndProject
Project("{9A19103F-16F7-4668-BE54-9A1E7A4F7556}") = "Vinva.Gastronomy.Identity.Domain", "src\Identity\Vinva.Gastronomy.Identity.Domain\Vinva.Gastronomy.Identity.Domain.csproj", "{BF543DF7-D38B-4AAC-A07C-190BE9EE9C34}"
EndProject
Project("{9A19103F-16F7-4668-BE54-9A1E7A4F7556}") = "Vinva.Gastronomy.Identity.Application", "src\Identity\Vinva.Gastronomy.Identity.Application\Vinva.Gastronomy.Identity.Application.csproj", "{7263C855-BEDE-4C62-BF8D-5E2D6A407F7A}"
EndProject
Project("{9A19103F-16F7-4668-BE54-9A1E7A4F7556}") = "Vinva.Gastronomy.Identity.Persistence", "src\Identity\Vinva.Gastronomy.Identity.Persistence\Vinva.Gastronomy.Identity.Persistence.csproj", "{7FE43EC5-AF29-4305-A735-2C26C1A48833}"
EndProject
Project("{9A19103F-16F7-4668-BE54-9A1E7A4F7556}") = "Vinva.Gastronomy.Identity.WebApi", "src\Identity\Vinva.Gastronomy.Identity.WebApi\Vinva.Gastronomy.Identity.WebApi.csproj", "{C7FE8F0A-0FBB-42B6-BA2B-4F7F6026B429}"
EndProject
Project("{9A19103F-16F7-4668-BE54-9A1E7A4F7556}") = "Vinva.Gastronomy.Recipes.WebApi", "src\Recipes\Vinva.Gastronomy.Recipes.WebApi\Vinva.Gastronomy.Recipes.WebApi.csproj", "{40BB1766-3407-45CB-8CB1-0ECE9122A980}"
EndProject
Project("{2150E333-8FDC-42A3-9474-1A3956D46DE8}") = "Web", "Web", "{8266E64A-0B97-4FA6-B0F5-E19A2FAF82EE}"
EndProject
Project("{9A19103F-16F7-4668-BE54-9A1E7A4F7556}") = "Vinva.Gastronomy.ApiHost", "src\Web\Vinva.Gastronomy.ApiHost\Vinva.Gastronomy.ApiHost.csproj", "{6EAA793D-779F-4A43-8000-0B476706F16E}"
EndProject
Project("{9A19103F-16F7-4668-BE54-9A1E7A4F7556}") = "Vinva.Gastronomy.Common.Modularity", "src\Common\Vinva.Gastronomy.Common.Modularity\Vinva.Gastronomy.Common.Modularity.csproj", "{639CA723-AD4F-4B38-874D-C9504F9E49C5}"
EndProject
Project("{2150E333-8FDC-42A3-9474-1A3956D46DE8}") = "Media", "Media", "{F096D05C-7551-43FF-8F3E-FA132517484D}"
EndProject
Project("{FAE04EC0-301F-11D3-BF4B-00C04F79EFBC}") = "Vinva.Gastronomy.Media.Domain", "src\Media\Vinva.Gastronomy.Media.Domain\Vinva.Gastronomy.Media.Domain.csproj", "{3F7EB579-4E78-4528-B63E-125D69770435}"
EndProject
Project("{FAE04EC0-301F-11D3-BF4B-00C04F79EFBC}") = "Vinva.Gastronomy.Media.Persistence", "src\Media\Vinva.Gastronomy.Media.Persistence\Vinva.Gastronomy.Media.Persistence.csproj", "{C5858E23-518D-4136-8941-2EF1D3402A82}"
EndProject
Project("{FAE04EC0-301F-11D3-BF4B-00C04F79EFBC}") = "Vinva.Gastronomy.Media.Application", "src\Media\Vinva.Gastronomy.Media.Application\Vinva.Gastronomy.Media.Application.csproj", "{6EFFCD24-C175-4F07-97BA-DF58133F0C54}"
EndProject
Project("{FAE04EC0-301F-11D3-BF4B-00C04F79EFBC}") = "Vinva.Gastronomy.Media.WebApi", "src\Media\Vinva.Gastronomy.Media.WebApi\Vinva.Gastronomy.Media.WebApi.csproj", "{7D6AB2DF-4C7A-4EA3-8E1E-F41B829F5ACE}"
EndProject
Project("{2150E333-8FDC-42A3-9474-1A3956D46DE8}") = "_scripts", "_scripts", "{32D3A27C-7290-4F18-A3C6-5D5E6B464A5C}"
	ProjectSection(SolutionItems) = preProject
		_scripts\recipes-data-import.sql = _scripts\recipes-data-import.sql
		_scripts\start-docker.develop.bat = _scripts\start-docker.develop.bat
		_scripts\start-docker.prod.bat = _scripts\start-docker.prod.bat
	EndProjectSection
EndProject
Project("{2150E333-8FDC-42A3-9474-1A3956D46DE8}") = "_configs", "_configs", "{2878F039-5042-44FA-B2B5-715A88A3BBAE}"
	ProjectSection(SolutionItems) = preProject
		_configs\docker-compose.override.yml = _configs\docker-compose.override.yml
		_configs\docker-compose.prod.yml = _configs\docker-compose.prod.yml
		_configs\docker-compose.yml = _configs\docker-compose.yml
		_configs\nginx.dev.conf = _configs\nginx.dev.conf
		_configs\nginx.prod.conf = _configs\nginx.prod.conf
	EndProjectSection
EndProject
Global
	GlobalSection(SolutionConfigurationPlatforms) = preSolution
		Debug|Any CPU = Debug|Any CPU
		Release|Any CPU = Release|Any CPU
	EndGlobalSection
	GlobalSection(ProjectConfigurationPlatforms) = postSolution
		{A58DB1A0-659A-41B8-BB40-B05EADDC2D72}.Debug|Any CPU.ActiveCfg = Debug|Any CPU
		{A58DB1A0-659A-41B8-BB40-B05EADDC2D72}.Debug|Any CPU.Build.0 = Debug|Any CPU
		{A58DB1A0-659A-41B8-BB40-B05EADDC2D72}.Release|Any CPU.ActiveCfg = Release|Any CPU
		{A58DB1A0-659A-41B8-BB40-B05EADDC2D72}.Release|Any CPU.Build.0 = Release|Any CPU
		{0AD5FC22-C8B4-491D-9E7A-1F24BA9F5AEF}.Debug|Any CPU.ActiveCfg = Debug|Any CPU
		{0AD5FC22-C8B4-491D-9E7A-1F24BA9F5AEF}.Debug|Any CPU.Build.0 = Debug|Any CPU
		{0AD5FC22-C8B4-491D-9E7A-1F24BA9F5AEF}.Release|Any CPU.ActiveCfg = Release|Any CPU
		{0AD5FC22-C8B4-491D-9E7A-1F24BA9F5AEF}.Release|Any CPU.Build.0 = Release|Any CPU
		{8A99A16A-6B15-4972-9466-88F83F2C679F}.Debug|Any CPU.ActiveCfg = Debug|Any CPU
		{8A99A16A-6B15-4972-9466-88F83F2C679F}.Debug|Any CPU.Build.0 = Debug|Any CPU
		{8A99A16A-6B15-4972-9466-88F83F2C679F}.Release|Any CPU.ActiveCfg = Release|Any CPU
		{8A99A16A-6B15-4972-9466-88F83F2C679F}.Release|Any CPU.Build.0 = Release|Any CPU
		{83C000C0-A390-4568-A0BC-ED4A167C97B2}.Debug|Any CPU.ActiveCfg = Debug|Any CPU
		{83C000C0-A390-4568-A0BC-ED4A167C97B2}.Debug|Any CPU.Build.0 = Debug|Any CPU
		{83C000C0-A390-4568-A0BC-ED4A167C97B2}.Release|Any CPU.ActiveCfg = Release|Any CPU
		{83C000C0-A390-4568-A0BC-ED4A167C97B2}.Release|Any CPU.Build.0 = Release|Any CPU
		{69B6AC2E-CBED-4372-9A07-34A5ABFDC8C1}.Debug|Any CPU.ActiveCfg = Debug|Any CPU
		{69B6AC2E-CBED-4372-9A07-34A5ABFDC8C1}.Debug|Any CPU.Build.0 = Debug|Any CPU
		{69B6AC2E-CBED-4372-9A07-34A5ABFDC8C1}.Release|Any CPU.ActiveCfg = Release|Any CPU
		{69B6AC2E-CBED-4372-9A07-34A5ABFDC8C1}.Release|Any CPU.Build.0 = Release|Any CPU
		{BF543DF7-D38B-4AAC-A07C-190BE9EE9C34}.Debug|Any CPU.ActiveCfg = Debug|Any CPU
		{BF543DF7-D38B-4AAC-A07C-190BE9EE9C34}.Debug|Any CPU.Build.0 = Debug|Any CPU
		{BF543DF7-D38B-4AAC-A07C-190BE9EE9C34}.Release|Any CPU.ActiveCfg = Release|Any CPU
		{BF543DF7-D38B-4AAC-A07C-190BE9EE9C34}.Release|Any CPU.Build.0 = Release|Any CPU
		{7263C855-BEDE-4C62-BF8D-5E2D6A407F7A}.Debug|Any CPU.ActiveCfg = Debug|Any CPU
		{7263C855-BEDE-4C62-BF8D-5E2D6A407F7A}.Debug|Any CPU.Build.0 = Debug|Any CPU
		{7263C855-BEDE-4C62-BF8D-5E2D6A407F7A}.Release|Any CPU.ActiveCfg = Release|Any CPU
		{7263C855-BEDE-4C62-BF8D-5E2D6A407F7A}.Release|Any CPU.Build.0 = Release|Any CPU
		{7FE43EC5-AF29-4305-A735-2C26C1A48833}.Debug|Any CPU.ActiveCfg = Debug|Any CPU
		{7FE43EC5-AF29-4305-A735-2C26C1A48833}.Debug|Any CPU.Build.0 = Debug|Any CPU
		{7FE43EC5-AF29-4305-A735-2C26C1A48833}.Release|Any CPU.ActiveCfg = Release|Any CPU
		{7FE43EC5-AF29-4305-A735-2C26C1A48833}.Release|Any CPU.Build.0 = Release|Any CPU
		{C7FE8F0A-0FBB-42B6-BA2B-4F7F6026B429}.Debug|Any CPU.ActiveCfg = Debug|Any CPU
		{C7FE8F0A-0FBB-42B6-BA2B-4F7F6026B429}.Debug|Any CPU.Build.0 = Debug|Any CPU
		{C7FE8F0A-0FBB-42B6-BA2B-4F7F6026B429}.Release|Any CPU.ActiveCfg = Release|Any CPU
		{C7FE8F0A-0FBB-42B6-BA2B-4F7F6026B429}.Release|Any CPU.Build.0 = Release|Any CPU
		{40BB1766-3407-45CB-8CB1-0ECE9122A980}.Debug|Any CPU.ActiveCfg = Debug|Any CPU
		{40BB1766-3407-45CB-8CB1-0ECE9122A980}.Debug|Any CPU.Build.0 = Debug|Any CPU
		{40BB1766-3407-45CB-8CB1-0ECE9122A980}.Release|Any CPU.ActiveCfg = Release|Any CPU
		{40BB1766-3407-45CB-8CB1-0ECE9122A980}.Release|Any CPU.Build.0 = Release|Any CPU
		{6EAA793D-779F-4A43-8000-0B476706F16E}.Debug|Any CPU.ActiveCfg = Debug|Any CPU
		{6EAA793D-779F-4A43-8000-0B476706F16E}.Debug|Any CPU.Build.0 = Debug|Any CPU
		{6EAA793D-779F-4A43-8000-0B476706F16E}.Release|Any CPU.ActiveCfg = Release|Any CPU
		{6EAA793D-779F-4A43-8000-0B476706F16E}.Release|Any CPU.Build.0 = Release|Any CPU
		{639CA723-AD4F-4B38-874D-C9504F9E49C5}.Debug|Any CPU.ActiveCfg = Debug|Any CPU
		{639CA723-AD4F-4B38-874D-C9504F9E49C5}.Debug|Any CPU.Build.0 = Debug|Any CPU
		{639CA723-AD4F-4B38-874D-C9504F9E49C5}.Release|Any CPU.ActiveCfg = Release|Any CPU
		{639CA723-AD4F-4B38-874D-C9504F9E49C5}.Release|Any CPU.Build.0 = Release|Any CPU
		{3F7EB579-4E78-4528-B63E-125D69770435}.Debug|Any CPU.ActiveCfg = Debug|Any CPU
		{3F7EB579-4E78-4528-B63E-125D69770435}.Debug|Any CPU.Build.0 = Debug|Any CPU
		{3F7EB579-4E78-4528-B63E-125D69770435}.Release|Any CPU.ActiveCfg = Release|Any CPU
		{3F7EB579-4E78-4528-B63E-125D69770435}.Release|Any CPU.Build.0 = Release|Any CPU
		{C5858E23-518D-4136-8941-2EF1D3402A82}.Debug|Any CPU.ActiveCfg = Debug|Any CPU
		{C5858E23-518D-4136-8941-2EF1D3402A82}.Debug|Any CPU.Build.0 = Debug|Any CPU
		{C5858E23-518D-4136-8941-2EF1D3402A82}.Release|Any CPU.ActiveCfg = Release|Any CPU
		{C5858E23-518D-4136-8941-2EF1D3402A82}.Release|Any CPU.Build.0 = Release|Any CPU
		{6EFFCD24-C175-4F07-97BA-DF58133F0C54}.Debug|Any CPU.ActiveCfg = Debug|Any CPU
		{6EFFCD24-C175-4F07-97BA-DF58133F0C54}.Debug|Any CPU.Build.0 = Debug|Any CPU
		{6EFFCD24-C175-4F07-97BA-DF58133F0C54}.Release|Any CPU.ActiveCfg = Release|Any CPU
		{6EFFCD24-C175-4F07-97BA-DF58133F0C54}.Release|Any CPU.Build.0 = Release|Any CPU
		{7D6AB2DF-4C7A-4EA3-8E1E-F41B829F5ACE}.Debug|Any CPU.ActiveCfg = Debug|Any CPU
		{7D6AB2DF-4C7A-4EA3-8E1E-F41B829F5ACE}.Debug|Any CPU.Build.0 = Debug|Any CPU
		{7D6AB2DF-4C7A-4EA3-8E1E-F41B829F5ACE}.Release|Any CPU.ActiveCfg = Release|Any CPU
		{7D6AB2DF-4C7A-4EA3-8E1E-F41B829F5ACE}.Release|Any CPU.Build.0 = Release|Any CPU
	EndGlobalSection
	GlobalSection(SolutionProperties) = preSolution
		HideSolutionNode = FALSE
	EndGlobalSection
	GlobalSection(NestedProjects) = preSolution
		{A58DB1A0-659A-41B8-BB40-B05EADDC2D72} = {2445C71D-B6B2-4B63-854B-641F2E2E78CE}
		{0AD5FC22-C8B4-491D-9E7A-1F24BA9F5AEF} = {36D591C7-65C7-A0D1-1CBC-10CDE441BDC8}
		{8A99A16A-6B15-4972-9466-88F83F2C679F} = {2445C71D-B6B2-4B63-854B-641F2E2E78CE}
		{83C000C0-A390-4568-A0BC-ED4A167C97B2} = {2445C71D-B6B2-4B63-854B-641F2E2E78CE}
		{69B6AC2E-CBED-4372-9A07-34A5ABFDC8C1} = {2445C71D-B6B2-4B63-854B-641F2E2E78CE}
		{BF543DF7-D38B-4AAC-A07C-190BE9EE9C34} = {079DD670-38EE-44DD-9DDB-C99379CF1AF7}
		{7263C855-BEDE-4C62-BF8D-5E2D6A407F7A} = {079DD670-38EE-44DD-9DDB-C99379CF1AF7}
		{7FE43EC5-AF29-4305-A735-2C26C1A48833} = {079DD670-38EE-44DD-9DDB-C99379CF1AF7}
		{C7FE8F0A-0FBB-42B6-BA2B-4F7F6026B429} = {079DD670-38EE-44DD-9DDB-C99379CF1AF7}
		{40BB1766-3407-45CB-8CB1-0ECE9122A980} = {2445C71D-B6B2-4B63-854B-641F2E2E78CE}
		{6EAA793D-779F-4A43-8000-0B476706F16E} = {8266E64A-0B97-4FA6-B0F5-E19A2FAF82EE}
		{639CA723-AD4F-4B38-874D-C9504F9E49C5} = {36D591C7-65C7-A0D1-1CBC-10CDE441BDC8}
		{3F7EB579-4E78-4528-B63E-125D69770435} = {F096D05C-7551-43FF-8F3E-FA132517484D}
		{C5858E23-518D-4136-8941-2EF1D3402A82} = {F096D05C-7551-43FF-8F3E-FA132517484D}
		{6EFFCD24-C175-4F07-97BA-DF58133F0C54} = {F096D05C-7551-43FF-8F3E-FA132517484D}
		{7D6AB2DF-4C7A-4EA3-8E1E-F41B829F5ACE} = {F096D05C-7551-43FF-8F3E-FA132517484D}
	EndGlobalSection
	GlobalSection(ExtensibilityGlobals) = postSolution
		SolutionGuid = {4D0A805C-E161-43EB-893E-A4C934EBBC51}
	EndGlobalSection
EndGlobal
